{
  "meteor": {},
  "dependencies": {
    "basePackages": {
      "phantomjs": {}
    },
    "packages": {
      "phantomjs": {
        "git": "https://github.com/gadicohen/meteor-phantomjs.git",
        "tag": "v0.0.2",
        "commit": "a72eb79af068dd5d5d617ac71a42bd74e0cb52a4"
      }
    }
  }
}
